
Microsoft Visual Studio Solution File, Format Version 12.00
# Visual Studio Version 17
VisualStudioVersion = 17.3.32825.248
MinimumVisualStudioVersion = 10.0.40219.1
Project("{FAE04EC0-301F-11D3-BF4B-00C04F79EFBC}") = "EcommerceNiaScott", "EcommerceNiaScott\EcommerceNiaScott.csproj", "{67E04324-796C-4A4E-B1BB-67DFBA59EDF8}"
EndProject
Global
	GlobalSection(SolutionConfigurationPlatforms) = preSolution
		Debug|Any CPU = Debug|Any CPU
		Release|Any CPU = Release|Any CPU
	EndGlobalSection
	GlobalSection(ProjectConfigurationPlatforms) = postSolution
		{67E04324-796C-4A4E-B1BB-67DFBA59EDF8}.Debug|Any CPU.ActiveCfg = Debug|Any CPU
		{67E04324-796C-4A4E-B1BB-67DFBA59EDF8}.Debug|Any CPU.Build.0 = Debug|Any CPU
		{67E04324-796C-4A4E-B1BB-67DFBA59EDF8}.Release|Any CPU.ActiveCfg = Release|Any CPU
		{67E04324-796C-4A4E-B1BB-67DFBA59EDF8}.Release|Any CPU.Build.0 = Release|Any CPU
	EndGlobalSection
	GlobalSection(SolutionProperties) = preSolution
		HideSolutionNode = FALSE
	EndGlobalSection
	GlobalSection(ExtensibilityGlobals) = postSolution
		SolutionGuid = {B71F47ED-0B97-4E50-B7C3-E9299E07CDAA}
	EndGlobalSection
EndGlobal
